
Microsoft Visual Studio Solution File, Format Version 11.00
# Visual Studio 2010
Project("{FAE04EC0-301F-11D3-BF4B-00C04F79EFBC}") = "PayableEntry", "PayableEntry\PayableEntry.csproj", "{24C07DEF-B942-4BF4-B2FD-F90651C239FB}"
EndProject
Project("{FAE04EC0-301F-11D3-BF4B-00C04F79EFBC}") = "PayablesData", "PayablesData\PayablesData.csproj", "{8A293983-5A5B-4CE4-A3C7-D9888AFAD690}"
EndProject
Global
	GlobalSection(SolutionConfigurationPlatforms) = preSolution
		Debug|Any CPU = Debug|Any CPU
		Release|Any CPU = Release|Any CPU
	EndGlobalSection
	GlobalSection(ProjectConfigurationPlatforms) = postSolution
		{24C07DEF-B942-4BF4-B2FD-F90651C239FB}.Debug|Any CPU.ActiveCfg = Debug|Any CPU
		{24C07DEF-B942-4BF4-B2FD-F90651C239FB}.Debug|Any CPU.Build.0 = Debug|Any CPU
		{24C07DEF-B942-4BF4-B2FD-F90651C239FB}.Release|Any CPU.ActiveCfg = Release|Any CPU
		{24C07DEF-B942-4BF4-B2FD-F90651C239FB}.Release|Any CPU.Build.0 = Release|Any CPU
		{8A293983-5A5B-4CE4-A3C7-D9888AFAD690}.Debug|Any CPU.ActiveCfg = Debug|Any CPU
		{8A293983-5A5B-4CE4-A3C7-D9888AFAD690}.Debug|Any CPU.Build.0 = Debug|Any CPU
		{8A293983-5A5B-4CE4-A3C7-D9888AFAD690}.Release|Any CPU.ActiveCfg = Release|Any CPU
		{8A293983-5A5B-4CE4-A3C7-D9888AFAD690}.Release|Any CPU.Build.0 = Release|Any CPU
	EndGlobalSection
	GlobalSection(SolutionProperties) = preSolution
		HideSolutionNode = FALSE
	EndGlobalSection
EndGlobal
